// !$*UTF8*$!
{
	archiveVersion = 1;
	classes = {
	};
	objectVersion = 51;
	objects = {

/* Begin PBXBuildFile section */
		001C262C2525E17F0003D3D1 /* AppDelegate.swift in Sources */ = {isa = PBXBuildFile; fileRef = 001C262B2525E17F0003D3D1 /* AppDelegate.swift */; };
		001C262E2525E17F0003D3D1 /* SceneDelegate.swift in Sources */ = {isa = PBXBuildFile; fileRef = 001C262D2525E17F0003D3D1 /* SceneDelegate.swift */; };
		001C26352525E1800003D3D1 /* Assets.xcassets in Resources */ = {isa = PBXBuildFile; fileRef = 001C26342525E1800003D3D1 /* Assets.xcassets */; };
		001C26382525E1800003D3D1 /* LaunchScreen.storyboard in Resources */ = {isa = PBXBuildFile; fileRef = 001C26362525E1800003D3D1 /* LaunchScreen.storyboard */; };
		0041A84B252F102D009FA5E4 /* MovieCastModel.swift in Sources */ = {isa = PBXBuildFile; fileRef = 0041A84A252F102D009FA5E4 /* MovieCastModel.swift */; };
		0041A84E252F112A009FA5E4 /* MovieCastCellViewModelType.swift in Sources */ = {isa = PBXBuildFile; fileRef = 0041A84D252F112A009FA5E4 /* MovieCastCellViewModelType.swift */; };
		0041A851252F119E009FA5E4 /* MovieCellCastViewModel.swift in Sources */ = {isa = PBXBuildFile; fileRef = 0041A850252F119E009FA5E4 /* MovieCellCastViewModel.swift */; };
		0041A854252F1315009FA5E4 /* MovieCastViewModel.swift in Sources */ = {isa = PBXBuildFile; fileRef = 0041A853252F1314009FA5E4 /* MovieCastViewModel.swift */; };
		0041A857252F134A009FA5E4 /* MovieCastViewModelType.swift in Sources */ = {isa = PBXBuildFile; fileRef = 0041A856252F134A009FA5E4 /* MovieCastViewModelType.swift */; };
		00A9A4D9252D985400864537 /* TopRatedCollectionViewCell.swift in Sources */ = {isa = PBXBuildFile; fileRef = 00A9A4D1252D985400864537 /* TopRatedCollectionViewCell.swift */; };
		00A9A4DA252D985400864537 /* NowPlayingCollectionViewCell.swift in Sources */ = {isa = PBXBuildFile; fileRef = 00A9A4D2252D985400864537 /* NowPlayingCollectionViewCell.swift */; };
		00A9A4DB252D985400864537 /* PopularCollectionViewCell.swift in Sources */ = {isa = PBXBuildFile; fileRef = 00A9A4D3252D985400864537 /* PopularCollectionViewCell.swift */; };
		00A9A4DC252D985400864537 /* MovieCastCollectionViewCell.swift in Sources */ = {isa = PBXBuildFile; fileRef = 00A9A4D4252D985400864537 /* MovieCastCollectionViewCell.swift */; };
		00A9A4DD252D985400864537 /* MovieViewController.swift in Sources */ = {isa = PBXBuildFile; fileRef = 00A9A4D5252D985400864537 /* MovieViewController.swift */; };
		00A9A4DE252D985400864537 /* TvShowViewController.swift in Sources */ = {isa = PBXBuildFile; fileRef = 00A9A4D6252D985400864537 /* TvShowViewController.swift */; };
		00A9A4DF252D985400864537 /* TabBarViewController.swift in Sources */ = {isa = PBXBuildFile; fileRef = 00A9A4D7252D985400864537 /* TabBarViewController.swift */; };
		00A9A4E0252D985400864537 /* MovieDetailViewController.swift in Sources */ = {isa = PBXBuildFile; fileRef = 00A9A4D8252D985400864537 /* MovieDetailViewController.swift */; };
		00A9A4EB252DE18B00864537 /* MovieModel.swift in Sources */ = {isa = PBXBuildFile; fileRef = 00A9A4EA252DE18B00864537 /* MovieModel.swift */; };
		00A9A4F0252DE1B500864537 /* MovieResultModel.swift in Sources */ = {isa = PBXBuildFile; fileRef = 00A9A4EF252DE1B500864537 /* MovieResultModel.swift */; };
		00A9A4F3252DE2C100864537 /* MovieVCViewModelType.swift in Sources */ = {isa = PBXBuildFile; fileRef = 00A9A4F2252DE2C100864537 /* MovieVCViewModelType.swift */; };
		00A9A4F6252DE33C00864537 /* MovieCellViewModelType.swift in Sources */ = {isa = PBXBuildFile; fileRef = 00A9A4F5252DE33C00864537 /* MovieCellViewModelType.swift */; };
		00A9A4FB252DE51400864537 /* NowPlayingMovieViewModel.swift in Sources */ = {isa = PBXBuildFile; fileRef = 00A9A4FA252DE51400864537 /* NowPlayingMovieViewModel.swift */; };
		00A9A4FE252DE52A00864537 /* NetworkService.swift in Sources */ = {isa = PBXBuildFile; fileRef = 00A9A4FD252DE52A00864537 /* NetworkService.swift */; };
		00A9A501252DE66500864537 /* Constants.swift in Sources */ = {isa = PBXBuildFile; fileRef = 00A9A500252DE66500864537 /* Constants.swift */; };
		00A9A504252DE77800864537 /* MovieCellViewModel.swift in Sources */ = {isa = PBXBuildFile; fileRef = 00A9A503252DE77800864537 /* MovieCellViewModel.swift */; };
		00A9A508252DED6400864537 /* TopRatedMovieViewModel.swift in Sources */ = {isa = PBXBuildFile; fileRef = 00A9A507252DED6400864537 /* TopRatedMovieViewModel.swift */; };
		00A9A50B252DF4B900864537 /* PopularMovieViewmodel.swift in Sources */ = {isa = PBXBuildFile; fileRef = 00A9A50A252DF4B900864537 /* PopularMovieViewmodel.swift */; };
		00A9A50E252E0CB200864537 /* MovieDetailViewModelType.swift in Sources */ = {isa = PBXBuildFile; fileRef = 00A9A50D252E0CB200864537 /* MovieDetailViewModelType.swift */; };
		00A9A511252E0D1300864537 /* MovieDetailViewModel.swift in Sources */ = {isa = PBXBuildFile; fileRef = 00A9A510252E0D1300864537 /* MovieDetailViewModel.swift */; };
		00A9A514252E16FB00864537 /* MovieDetailModel.swift in Sources */ = {isa = PBXBuildFile; fileRef = 00A9A513252E16FB00864537 /* MovieDetailModel.swift */; };
		1E0BFDF588DDBA1FA86BEC57 /* Pods_movieAppWittProgUI.framework in Frameworks */ = {isa = PBXBuildFile; fileRef = A1DEC84F36510D25DDB8B923 /* Pods_movieAppWittProgUI.framework */; };
/* End PBXBuildFile section */

/* Begin PBXFileReference section */
		001C26282525E17F0003D3D1 /* movieAppWittProgUI.app */ = {isa = PBXFileReference; explicitFileType = wrapper.application; includeInIndex = 0; path = movieAppWittProgUI.app; sourceTree = BUILT_PRODUCTS_DIR; };
		001C262B2525E17F0003D3D1 /* AppDelegate.swift */ = {isa = PBXFileReference; lastKnownFileType = sourcecode.swift; path = AppDelegate.swift; sourceTree = "<group>"; };
		001C262D2525E17F0003D3D1 /* SceneDelegate.swift */ = {isa = PBXFileReference; lastKnownFileType = sourcecode.swift; path = SceneDelegate.swift; sourceTree = "<group>"; };
		001C26342525E1800003D3D1 /* Assets.xcassets */ = {isa = PBXFileReference; lastKnownFileType = folder.assetcatalog; path = Assets.xcassets; sourceTree = "<group>"; };
		001C26372525E1800003D3D1 /* Base */ = {isa = PBXFileReference; lastKnownFileType = file.storyboard; name = Base; path = Base.lproj/LaunchScreen.storyboard; sourceTree = "<group>"; };
		001C26392525E1800003D3D1 /* Info.plist */ = {isa = PBXFileReference; lastKnownFileType = text.plist.xml; path = Info.plist; sourceTree = "<group>"; };
		0041A84A252F102D009FA5E4 /* MovieCastModel.swift */ = {isa = PBXFileReference; lastKnownFileType = sourcecode.swift; path = MovieCastModel.swift; sourceTree = "<group>"; };
		0041A84D252F112A009FA5E4 /* MovieCastCellViewModelType.swift */ = {isa = PBXFileReference; lastKnownFileType = sourcecode.swift; path = MovieCastCellViewModelType.swift; sourceTree = "<group>"; };
		0041A850252F119E009FA5E4 /* MovieCellCastViewModel.swift */ = {isa = PBXFileReference; lastKnownFileType = sourcecode.swift; path = MovieCellCastViewModel.swift; sourceTree = "<group>"; };
		0041A853252F1314009FA5E4 /* MovieCastViewModel.swift */ = {isa = PBXFileReference; lastKnownFileType = sourcecode.swift; path = MovieCastViewModel.swift; sourceTree = "<group>"; };
		0041A856252F134A009FA5E4 /* MovieCastViewModelType.swift */ = {isa = PBXFileReference; lastKnownFileType = sourcecode.swift; path = MovieCastViewModelType.swift; sourceTree = "<group>"; };
		00A9A4D1252D985400864537 /* TopRatedCollectionViewCell.swift */ = {isa = PBXFileReference; fileEncoding = 4; lastKnownFileType = sourcecode.swift; path = TopRatedCollectionViewCell.swift; sourceTree = "<group>"; };
		00A9A4D2252D985400864537 /* NowPlayingCollectionViewCell.swift */ = {isa = PBXFileReference; fileEncoding = 4; lastKnownFileType = sourcecode.swift; path = NowPlayingCollectionViewCell.swift; sourceTree = "<group>"; };
		00A9A4D3252D985400864537 /* PopularCollectionViewCell.swift */ = {isa = PBXFileReference; fileEncoding = 4; lastKnownFileType = sourcecode.swift; path = PopularCollectionViewCell.swift; sourceTree = "<group>"; };
		00A9A4D4252D985400864537 /* MovieCastCollectionViewCell.swift */ = {isa = PBXFileReference; fileEncoding = 4; lastKnownFileType = sourcecode.swift; path = MovieCastCollectionViewCell.swift; sourceTree = "<group>"; };
		00A9A4D5252D985400864537 /* MovieViewController.swift */ = {isa = PBXFileReference; fileEncoding = 4; lastKnownFileType = sourcecode.swift; path = MovieViewController.swift; sourceTree = "<group>"; };
		00A9A4D6252D985400864537 /* TvShowViewController.swift */ = {isa = PBXFileReference; fileEncoding = 4; lastKnownFileType = sourcecode.swift; path = TvShowViewController.swift; sourceTree = "<group>"; };
		00A9A4D7252D985400864537 /* TabBarViewController.swift */ = {isa = PBXFileReference; fileEncoding = 4; lastKnownFileType = sourcecode.swift; path = TabBarViewController.swift; sourceTree = "<group>"; };
		00A9A4D8252D985400864537 /* MovieDetailViewController.swift */ = {isa = PBXFileReference; fileEncoding = 4; lastKnownFileType = sourcecode.swift; path = MovieDetailViewController.swift; sourceTree = "<group>"; };
		00A9A4EA252DE18B00864537 /* MovieModel.swift */ = {isa = PBXFileReference; lastKnownFileType = sourcecode.swift; path = MovieModel.swift; sourceTree = "<group>"; };
		00A9A4EF252DE1B500864537 /* MovieResultModel.swift */ = {isa = PBXFileReference; lastKnownFileType = sourcecode.swift; path = MovieResultModel.swift; sourceTree = "<group>"; };
		00A9A4F2252DE2C100864537 /* MovieVCViewModelType.swift */ = {isa = PBXFileReference; lastKnownFileType = sourcecode.swift; path = MovieVCViewModelType.swift; sourceTree = "<group>"; };
		00A9A4F5252DE33C00864537 /* MovieCellViewModelType.swift */ = {isa = PBXFileReference; lastKnownFileType = sourcecode.swift; path = MovieCellViewModelType.swift; sourceTree = "<group>"; };
		00A9A4FA252DE51400864537 /* NowPlayingMovieViewModel.swift */ = {isa = PBXFileReference; lastKnownFileType = sourcecode.swift; path = NowPlayingMovieViewModel.swift; sourceTree = "<group>"; };
		00A9A4FD252DE52A00864537 /* NetworkService.swift */ = {isa = PBXFileReference; lastKnownFileType = sourcecode.swift; path = NetworkService.swift; sourceTree = "<group>"; };
		00A9A500252DE66500864537 /* Constants.swift */ = {isa = PBXFileReference; lastKnownFileType = sourcecode.swift; path = Constants.swift; sourceTree = "<group>"; };
		00A9A503252DE77800864537 /* MovieCellViewModel.swift */ = {isa = PBXFileReference; lastKnownFileType = sourcecode.swift; path = MovieCellViewModel.swift; sourceTree = "<group>"; };
		00A9A507252DED6400864537 /* TopRatedMovieViewModel.swift */ = {isa = PBXFileReference; lastKnownFileType = sourcecode.swift; path = TopRatedMovieViewModel.swift; sourceTree = "<group>"; };
		00A9A50A252DF4B900864537 /* PopularMovieViewmodel.swift */ = {isa = PBXFileReference; lastKnownFileType = sourcecode.swift; path = PopularMovieViewmodel.swift; sourceTree = "<group>"; };
		00A9A50D252E0CB200864537 /* MovieDetailViewModelType.swift */ = {isa = PBXFileReference; lastKnownFileType = sourcecode.swift; path = MovieDetailViewModelType.swift; sourceTree = "<group>"; };
		00A9A510252E0D1300864537 /* MovieDetailViewModel.swift */ = {isa = PBXFileReference; lastKnownFileType = sourcecode.swift; path = MovieDetailViewModel.swift; sourceTree = "<group>"; };
		00A9A513252E16FB00864537 /* MovieDetailModel.swift */ = {isa = PBXFileReference; lastKnownFileType = sourcecode.swift; path = MovieDetailModel.swift; sourceTree = "<group>"; };
		0AB20D97B862CE5AE687FACD /* Pods-movieAppWittProgUI.release.xcconfig */ = {isa = PBXFileReference; includeInIndex = 1; lastKnownFileType = text.xcconfig; name = "Pods-movieAppWittProgUI.release.xcconfig"; path = "Target Support Files/Pods-movieAppWittProgUI/Pods-movieAppWittProgUI.release.xcconfig"; sourceTree = "<group>"; };
		4EF1D9FE5AF57851D9130F7F /* Pods-movieAppWittProgUI.debug.xcconfig */ = {isa = PBXFileReference; includeInIndex = 1; lastKnownFileType = text.xcconfig; name = "Pods-movieAppWittProgUI.debug.xcconfig"; path = "Target Support Files/Pods-movieAppWittProgUI/Pods-movieAppWittProgUI.debug.xcconfig"; sourceTree = "<group>"; };
		A1DEC84F36510D25DDB8B923 /* Pods_movieAppWittProgUI.framework */ = {isa = PBXFileReference; explicitFileType = wrapper.framework; includeInIndex = 0; path = Pods_movieAppWittProgUI.framework; sourceTree = BUILT_PRODUCTS_DIR; };
/* End PBXFileReference section */

/* Begin PBXFrameworksBuildPhase section */
		001C26252525E17F0003D3D1 /* Frameworks */ = {
			isa = PBXFrameworksBuildPhase;
			buildActionMask = 2147483647;
			files = (
				1E0BFDF588DDBA1FA86BEC57 /* Pods_movieAppWittProgUI.framework in Frameworks */,
			);
			runOnlyForDeploymentPostprocessing = 0;
		};
/* End PBXFrameworksBuildPhase section */

/* Begin PBXGroup section */
		001C261F2525E17F0003D3D1 = {
			isa = PBXGroup;
			children = (
				001C262A2525E17F0003D3D1 /* movieAppWittProgUI */,
				001C26292525E17F0003D3D1 /* Products */,
				95725232B02E9BEC150B00B0 /* Pods */,
				07888FCDCC6AEA8D2632BD3B /* Frameworks */,
			);
			sourceTree = "<group>";
		};
		001C26292525E17F0003D3D1 /* Products */ = {
			isa = PBXGroup;
			children = (
				001C26282525E17F0003D3D1 /* movieAppWittProgUI.app */,
			);
			name = Products;
			sourceTree = "<group>";
		};
		001C262A2525E17F0003D3D1 /* movieAppWittProgUI */ = {
			isa = PBXGroup;
			children = (
				00A9A4E9252DE14500864537 /* Utilities */,
				00A9A4E8252DE13D00864537 /* Service */,
				00A9A4E7252DE13300864537 /* Model */,
				00A9A4E6252DE0FF00864537 /* Protocols */,
				00A9A4E3252DE0C400864537 /* Resources */,
				00A9A4E2252DE0A200864537 /* Supports */,
				00A9A4CF252D985400864537 /* View */,
				00A9A4E5252DE0F800864537 /* ViewModel */,
			);
			path = movieAppWittProgUI;
			sourceTree = "<group>";
		};
		00A9A4CF252D985400864537 /* View */ = {
			isa = PBXGroup;
			children = (
				00A9A4D0252D985400864537 /* Cells */,
				00A9A4D5252D985400864537 /* MovieViewController.swift */,
				00A9A4D6252D985400864537 /* TvShowViewController.swift */,
				00A9A4D7252D985400864537 /* TabBarViewController.swift */,
				00A9A4D8252D985400864537 /* MovieDetailViewController.swift */,
			);
			path = View;
			sourceTree = "<group>";
		};
		00A9A4D0252D985400864537 /* Cells */ = {
			isa = PBXGroup;
			children = (
				00A9A4D1252D985400864537 /* TopRatedCollectionViewCell.swift */,
				00A9A4D2252D985400864537 /* NowPlayingCollectionViewCell.swift */,
				00A9A4D3252D985400864537 /* PopularCollectionViewCell.swift */,
				00A9A4D4252D985400864537 /* MovieCastCollectionViewCell.swift */,
			);
			path = Cells;
			sourceTree = "<group>";
		};
		00A9A4E2252DE0A200864537 /* Supports */ = {
			isa = PBXGroup;
			children = (
				001C262B2525E17F0003D3D1 /* AppDelegate.swift */,
				001C262D2525E17F0003D3D1 /* SceneDelegate.swift */,
				001C26362525E1800003D3D1 /* LaunchScreen.storyboard */,
				001C26392525E1800003D3D1 /* Info.plist */,
			);
			path = Supports;
			sourceTree = "<group>";
		};
		00A9A4E3252DE0C400864537 /* Resources */ = {
			isa = PBXGroup;
			children = (
				001C26342525E1800003D3D1 /* Assets.xcassets */,
			);
			path = Resources;
			sourceTree = "<group>";
		};
		00A9A4E5252DE0F800864537 /* ViewModel */ = {
			isa = PBXGroup;
			children = (
				00A9A4FA252DE51400864537 /* NowPlayingMovieViewModel.swift */,
				00A9A503252DE77800864537 /* MovieCellViewModel.swift */,
				00A9A507252DED6400864537 /* TopRatedMovieViewModel.swift */,
				00A9A50A252DF4B900864537 /* PopularMovieViewmodel.swift */,
				00A9A510252E0D1300864537 /* MovieDetailViewModel.swift */,
				0041A850252F119E009FA5E4 /* MovieCellCastViewModel.swift */,
				0041A853252F1314009FA5E4 /* MovieCastViewModel.swift */,
			);
			path = ViewModel;
			sourceTree = "<group>";
		};
		00A9A4E6252DE0FF00864537 /* Protocols */ = {
			isa = PBXGroup;
			children = (
				00A9A4F2252DE2C100864537 /* MovieVCViewModelType.swift */,
				00A9A4F5252DE33C00864537 /* MovieCellViewModelType.swift */,
				00A9A50D252E0CB200864537 /* MovieDetailViewModelType.swift */,
				0041A84D252F112A009FA5E4 /* MovieCastCellViewModelType.swift */,
				0041A856252F134A009FA5E4 /* MovieCastViewModelType.swift */,
			);
			path = Protocols;
			sourceTree = "<group>";
		};
		00A9A4E7252DE13300864537 /* Model */ = {
			isa = PBXGroup;
			children = (
				00A9A4EA252DE18B00864537 /* MovieModel.swift */,
				00A9A4EF252DE1B500864537 /* MovieResultModel.swift */,
				00A9A513252E16FB00864537 /* MovieDetailModel.swift */,
				0041A84A252F102D009FA5E4 /* MovieCastModel.swift */,
			);
			path = Model;
			sourceTree = "<group>";
		};
		00A9A4E8252DE13D00864537 /* Service */ = {
			isa = PBXGroup;
			children = (
				00A9A4FD252DE52A00864537 /* NetworkService.swift */,
			);
			path = Service;
			sourceTree = "<group>";
		};
		00A9A4E9252DE14500864537 /* Utilities */ = {
			isa = PBXGroup;
			children = (
				00A9A500252DE66500864537 /* Constants.swift */,
			);
			path = Utilities;
			sourceTree = "<group>";
		};
		07888FCDCC6AEA8D2632BD3B /* Frameworks */ = {
			isa = PBXGroup;
			children = (
				A1DEC84F36510D25DDB8B923 /* Pods_movieAppWittProgUI.framework */,
			);
			name = Frameworks;
			sourceTree = "<group>";
		};
		95725232B02E9BEC150B00B0 /* Pods */ = {
			isa = PBXGroup;
			children = (
				4EF1D9FE5AF57851D9130F7F /* Pods-movieAppWittProgUI.debug.xcconfig */,
				0AB20D97B862CE5AE687FACD /* Pods-movieAppWittProgUI.release.xcconfig */,
			);
			path = Pods;
			sourceTree = "<group>";
		};
/* End PBXGroup section */

/* Begin PBXNativeTarget section */
		001C26272525E17F0003D3D1 /* movieAppWittProgUI */ = {
			isa = PBXNativeTarget;
			buildConfigurationList = 001C263C2525E1800003D3D1 /* Build configuration list for PBXNativeTarget "movieAppWittProgUI" */;
			buildPhases = (
				FC1A7AE135727B79B75757EC /* [CP] Check Pods Manifest.lock */,
				001C26242525E17F0003D3D1 /* Sources */,
				001C26252525E17F0003D3D1 /* Frameworks */,
				001C26262525E17F0003D3D1 /* Resources */,
				1F089CDBB3C27223E81E0C3E /* [CP] Embed Pods Frameworks */,
			);
			buildRules = (
			);
			dependencies = (
			);
			name = movieAppWittProgUI;
			productName = movieAppWittProgUI;
			productReference = 001C26282525E17F0003D3D1 /* movieAppWittProgUI.app */;
			productType = "com.apple.product-type.application";
		};
/* End PBXNativeTarget section */

/* Begin PBXProject section */
		001C26202525E17F0003D3D1 /* Project object */ = {
			isa = PBXProject;
			attributes = {
				LastSwiftUpdateCheck = 1170;
				LastUpgradeCheck = 1170;
				ORGANIZATIONNAME = MCT;
				TargetAttributes = {
					001C26272525E17F0003D3D1 = {
						CreatedOnToolsVersion = 11.7;
					};
				};
			};
			buildConfigurationList = 001C26232525E17F0003D3D1 /* Build configuration list for PBXProject "movieAppWittProgUI" */;
			compatibilityVersion = "Xcode 9.3";
			developmentRegion = en;
			hasScannedForEncodings = 0;
			knownRegions = (
				en,
				Base,
			);
			mainGroup = 001C261F2525E17F0003D3D1;
			productRefGroup = 001C26292525E17F0003D3D1 /* Products */;
			projectDirPath = "";
			projectRoot = "";
			targets = (
				001C26272525E17F0003D3D1 /* movieAppWittProgUI */,
			);
		};
/* End PBXProject section */

/* Begin PBXResourcesBuildPhase section */
		001C26262525E17F0003D3D1 /* Resources */ = {
			isa = PBXResourcesBuildPhase;
			buildActionMask = 2147483647;
			files = (
				001C26382525E1800003D3D1 /* LaunchScreen.storyboard in Resources */,
				001C26352525E1800003D3D1 /* Assets.xcassets in Resources */,
			);
			runOnlyForDeploymentPostprocessing = 0;
		};
/* End PBXResourcesBuildPhase section */

/* Begin PBXShellScriptBuildPhase section */
		1F089CDBB3C27223E81E0C3E /* [CP] Embed Pods Frameworks */ = {
			isa = PBXShellScriptBuildPhase;
			buildActionMask = 2147483647;
			files = (
			);
			inputFileListPaths = (
				"${PODS_ROOT}/Target Support Files/Pods-movieAppWittProgUI/Pods-movieAppWittProgUI-frameworks-${CONFIGURATION}-input-files.xcfilelist",
			);
			name = "[CP] Embed Pods Frameworks";
			outputFileListPaths = (
				"${PODS_ROOT}/Target Support Files/Pods-movieAppWittProgUI/Pods-movieAppWittProgUI-frameworks-${CONFIGURATION}-output-files.xcfilelist",
			);
			runOnlyForDeploymentPostprocessing = 0;
			shellPath = /bin/sh;
			shellScript = "\"${PODS_ROOT}/Target Support Files/Pods-movieAppWittProgUI/Pods-movieAppWittProgUI-frameworks.sh\"\n";
			showEnvVarsInLog = 0;
		};
		FC1A7AE135727B79B75757EC /* [CP] Check Pods Manifest.lock */ = {
			isa = PBXShellScriptBuildPhase;
			buildActionMask = 2147483647;
			files = (
			);
			inputFileListPaths = (
			);
			inputPaths = (
				"${PODS_PODFILE_DIR_PATH}/Podfile.lock",
				"${PODS_ROOT}/Manifest.lock",
			);
			name = "[CP] Check Pods Manifest.lock";
			outputFileListPaths = (
			);
			outputPaths = (
				"$(DERIVED_FILE_DIR)/Pods-movieAppWittProgUI-checkManifestLockResult.txt",
			);
			runOnlyForDeploymentPostprocessing = 0;
			shellPath = /bin/sh;
			shellScript = "diff \"${PODS_PODFILE_DIR_PATH}/Podfile.lock\" \"${PODS_ROOT}/Manifest.lock\" > /dev/null\nif [ $? != 0 ] ; then\n    # print error to STDERR\n    echo \"error: The sandbox is not in sync with the Podfile.lock. Run 'pod install' or update your CocoaPods installation.\" >&2\n    exit 1\nfi\n# This output is used by Xcode 'outputs' to avoid re-running this script phase.\necho \"SUCCESS\" > \"${SCRIPT_OUTPUT_FILE_0}\"\n";
			showEnvVarsInLog = 0;
		};
/* End PBXShellScriptBuildPhase section */

/* Begin PBXSourcesBuildPhase section */
		001C26242525E17F0003D3D1 /* Sources */ = {
			isa = PBXSourcesBuildPhase;
			buildActionMask = 2147483647;
			files = (
				00A9A4F3252DE2C100864537 /* MovieVCViewModelType.swift in Sources */,
				00A9A501252DE66500864537 /* Constants.swift in Sources */,
				00A9A4DA252D985400864537 /* NowPlayingCollectionViewCell.swift in Sources */,
				0041A84B252F102D009FA5E4 /* MovieCastModel.swift in Sources */,
				00A9A514252E16FB00864537 /* MovieDetailModel.swift in Sources */,
				00A9A4DD252D985400864537 /* MovieViewController.swift in Sources */,
				00A9A4D9252D985400864537 /* TopRatedCollectionViewCell.swift in Sources */,
				00A9A4F6252DE33C00864537 /* MovieCellViewModelType.swift in Sources */,
				0041A857252F134A009FA5E4 /* MovieCastViewModelType.swift in Sources */,
				00A9A511252E0D1300864537 /* MovieDetailViewModel.swift in Sources */,
				00A9A4DC252D985400864537 /* MovieCastCollectionViewCell.swift in Sources */,
				00A9A4EB252DE18B00864537 /* MovieModel.swift in Sources */,
				00A9A4DF252D985400864537 /* TabBarViewController.swift in Sources */,
				00A9A50B252DF4B900864537 /* PopularMovieViewmodel.swift in Sources */,
				00A9A4FB252DE51400864537 /* NowPlayingMovieViewModel.swift in Sources */,
				00A9A4DB252D985400864537 /* PopularCollectionViewCell.swift in Sources */,
				00A9A50E252E0CB200864537 /* MovieDetailViewModelType.swift in Sources */,
				0041A851252F119E009FA5E4 /* MovieCellCastViewModel.swift in Sources */,
				00A9A4FE252DE52A00864537 /* NetworkService.swift in Sources */,
				00A9A4E0252D985400864537 /* MovieDetailViewController.swift in Sources */,
				0041A854252F1315009FA5E4 /* MovieCastViewModel.swift in Sources */,
				00A9A508252DED6400864537 /* TopRatedMovieViewModel.swift in Sources */,
				00A9A504252DE77800864537 /* MovieCellViewModel.swift in Sources */,
				001C262C2525E17F0003D3D1 /* AppDelegate.swift in Sources */,
				00A9A4F0252DE1B500864537 /* MovieResultModel.swift in Sources */,
				001C262E2525E17F0003D3D1 /* SceneDelegate.swift in Sources */,
				00A9A4DE252D985400864537 /* TvShowViewController.swift in Sources */,
				0041A84E252F112A009FA5E4 /* MovieCastCellViewModelType.swift in Sources */,
			);
			runOnlyForDeploymentPostprocessing = 0;
		};
/* End PBXSourcesBuildPhase section */

/* Begin PBXVariantGroup section */
		001C26362525E1800003D3D1 /* LaunchScreen.storyboard */ = {
			isa = PBXVariantGroup;
			children = (
				001C26372525E1800003D3D1 /* Base */,
			);
			name = LaunchScreen.storyboard;
			sourceTree = "<group>";
		};
/* End PBXVariantGroup section */

/* Begin XCBuildConfiguration section */
		001C263A2525E1800003D3D1 /* Debug */ = {
			isa = XCBuildConfiguration;
			buildSettings = {
				ALWAYS_SEARCH_USER_PATHS = NO;
				CLANG_ANALYZER_NONNULL = YES;
				CLANG_ANALYZER_NUMBER_OBJECT_CONVERSION = YES_AGGRESSIVE;
				CLANG_CXX_LANGUAGE_STANDARD = "gnu++14";
				CLANG_CXX_LIBRARY = "libc++";
				CLANG_ENABLE_MODULES = YES;
				CLANG_ENABLE_OBJC_ARC = YES;
				CLANG_ENABLE_OBJC_WEAK = YES;
				CLANG_WARN_BLOCK_CAPTURE_AUTORELEASING = YES;
				CLANG_WARN_BOOL_CONVERSION = YES;
				CLANG_WARN_COMMA = YES;
				CLANG_WARN_CONSTANT_CONVERSION = YES;
				CLANG_WARN_DEPRECATED_OBJC_IMPLEMENTATIONS = YES;
				CLANG_WARN_DIRECT_OBJC_ISA_USAGE = YES_ERROR;
				CLANG_WARN_DOCUMENTATION_COMMENTS = YES;
				CLANG_WARN_EMPTY_BODY = YES;
				CLANG_WARN_ENUM_CONVERSION = YES;
				CLANG_WARN_INFINITE_RECURSION = YES;
				CLANG_WARN_INT_CONVERSION = YES;
				CLANG_WARN_NON_LITERAL_NULL_CONVERSION = YES;
				CLANG_WARN_OBJC_IMPLICIT_RETAIN_SELF = YES;
				CLANG_WARN_OBJC_LITERAL_CONVERSION = YES;
				CLANG_WARN_OBJC_ROOT_CLASS = YES_ERROR;
				CLANG_WARN_RANGE_LOOP_ANALYSIS = YES;
				CLANG_WARN_STRICT_PROTOTYPES = YES;
				CLANG_WARN_SUSPICIOUS_MOVE = YES;
				CLANG_WARN_UNGUARDED_AVAILABILITY = YES_AGGRESSIVE;
				CLANG_WARN_UNREACHABLE_CODE = YES;
				CLANG_WARN__DUPLICATE_METHOD_MATCH = YES;
				COPY_PHASE_STRIP = NO;
				DEBUG_INFORMATION_FORMAT = dwarf;
				ENABLE_STRICT_OBJC_MSGSEND = YES;
				ENABLE_TESTABILITY = YES;
				GCC_C_LANGUAGE_STANDARD = gnu11;
				GCC_DYNAMIC_NO_PIC = NO;
				GCC_NO_COMMON_BLOCKS = YES;
				GCC_OPTIMIZATION_LEVEL = 0;
				GCC_PREPROCESSOR_DEFINITIONS = (
					"DEBUG=1",
					"$(inherited)",
				);
				GCC_WARN_64_TO_32_BIT_CONVERSION = YES;
				GCC_WARN_ABOUT_RETURN_TYPE = YES_ERROR;
				GCC_WARN_UNDECLARED_SELECTOR = YES;
				GCC_WARN_UNINITIALIZED_AUTOS = YES_AGGRESSIVE;
				GCC_WARN_UNUSED_FUNCTION = YES;
				GCC_WARN_UNUSED_VARIABLE = YES;
				IPHONEOS_DEPLOYMENT_TARGET = 13.7;
				MTL_ENABLE_DEBUG_INFO = INCLUDE_SOURCE;
				MTL_FAST_MATH = YES;
				ONLY_ACTIVE_ARCH = YES;
				SDKROOT = iphoneos;
				SWIFT_ACTIVE_COMPILATION_CONDITIONS = DEBUG;
				SWIFT_OPTIMIZATION_LEVEL = "-Onone";
			};
			name = Debug;
		};
		001C263B2525E1800003D3D1 /* Release */ = {
			isa = XCBuildConfiguration;
			buildSettings = {
				ALWAYS_SEARCH_USER_PATHS = NO;
				CLANG_ANALYZER_NONNULL = YES;
				CLANG_ANALYZER_NUMBER_OBJECT_CONVERSION = YES_AGGRESSIVE;
				CLANG_CXX_LANGUAGE_STANDARD = "gnu++14";
				CLANG_CXX_LIBRARY = "libc++";
				CLANG_ENABLE_MODULES = YES;
				CLANG_ENABLE_OBJC_ARC = YES;
				CLANG_ENABLE_OBJC_WEAK = YES;
				CLANG_WARN_BLOCK_CAPTURE_AUTORELEASING = YES;
				CLANG_WARN_BOOL_CONVERSION = YES;
				CLANG_WARN_COMMA = YES;
				CLANG_WARN_CONSTANT_CONVERSION = YES;
				CLANG_WARN_DEPRECATED_OBJC_IMPLEMENTATIONS = YES;
				CLANG_WARN_DIRECT_OBJC_ISA_USAGE = YES_ERROR;
				CLANG_WARN_DOCUMENTATION_COMMENTS = YES;
				CLANG_WARN_EMPTY_BODY = YES;
				CLANG_WARN_ENUM_CONVERSION = YES;
				CLANG_WARN_INFINITE_RECURSION = YES;
				CLANG_WARN_INT_CONVERSION = YES;
				CLANG_WARN_NON_LITERAL_NULL_CONVERSION = YES;
				CLANG_WARN_OBJC_IMPLICIT_RETAIN_SELF = YES;
				CLANG_WARN_OBJC_LITERAL_CONVERSION = YES;
				CLANG_WARN_OBJC_ROOT_CLASS = YES_ERROR;
				CLANG_WARN_RANGE_LOOP_ANALYSIS = YES;
				CLANG_WARN_STRICT_PROTOTYPES = YES;
				CLANG_WARN_SUSPICIOUS_MOVE = YES;
				CLANG_WARN_UNGUARDED_AVAILABILITY = YES_AGGRESSIVE;
				CLANG_WARN_UNREACHABLE_CODE = YES;
				CLANG_WARN__DUPLICATE_METHOD_MATCH = YES;
				COPY_PHASE_STRIP = NO;
				DEBUG_INFORMATION_FORMAT = "dwarf-with-dsym";
				ENABLE_NS_ASSERTIONS = NO;
				ENABLE_STRICT_OBJC_MSGSEND = YES;
				GCC_C_LANGUAGE_STANDARD = gnu11;
				GCC_NO_COMMON_BLOCKS = YES;
				GCC_WARN_64_TO_32_BIT_CONVERSION = YES;
				GCC_WARN_ABOUT_RETURN_TYPE = YES_ERROR;
				GCC_WARN_UNDECLARED_SELECTOR = YES;
				GCC_WARN_UNINITIALIZED_AUTOS = YES_AGGRESSIVE;
				GCC_WARN_UNUSED_FUNCTION = YES;
				GCC_WARN_UNUSED_VARIABLE = YES;
				IPHONEOS_DEPLOYMENT_TARGET = 13.7;
				MTL_ENABLE_DEBUG_INFO = NO;
				MTL_FAST_MATH = YES;
				SDKROOT = iphoneos;
				SWIFT_COMPILATION_MODE = wholemodule;
				SWIFT_OPTIMIZATION_LEVEL = "-O";
				VALIDATE_PRODUCT = YES;
			};
			name = Release;
		};
		001C263D2525E1800003D3D1 /* Debug */ = {
			isa = XCBuildConfiguration;
			baseConfigurationReference = 4EF1D9FE5AF57851D9130F7F /* Pods-movieAppWittProgUI.debug.xcconfig */;
			buildSettings = {
				ASSETCATALOG_COMPILER_APPICON_NAME = AppIcon;
				CODE_SIGN_STYLE = Automatic;
				DEVELOPMENT_TEAM = D4T62J4499;
				INFOPLIST_FILE = movieAppWittProgUI/Supports/Info.plist;
				LD_RUNPATH_SEARCH_PATHS = (
					"$(inherited)",
					"@executable_path/Frameworks",
				);
				PRODUCT_BUNDLE_IDENTIFIER = com.mct.movieAppWittProgUI;
				PRODUCT_NAME = "$(TARGET_NAME)";
				SWIFT_VERSION = 5.0;
				TARGETED_DEVICE_FAMILY = "1,2";
			};
			name = Debug;
		};
		001C263E2525E1800003D3D1 /* Release */ = {
			isa = XCBuildConfiguration;
			baseConfigurationReference = 0AB20D97B862CE5AE687FACD /* Pods-movieAppWittProgUI.release.xcconfig */;
			buildSettings = {
				ASSETCATALOG_COMPILER_APPICON_NAME = AppIcon;
				CODE_SIGN_STYLE = Automatic;
				DEVELOPMENT_TEAM = D4T62J4499;
				INFOPLIST_FILE = movieAppWittProgUI/Supports/Info.plist;
				LD_RUNPATH_SEARCH_PATHS = (
					"$(inherited)",
					"@executable_path/Frameworks",
				);
				PRODUCT_BUNDLE_IDENTIFIER = com.mct.movieAppWittProgUI;
				PRODUCT_NAME = "$(TARGET_NAME)";
				SWIFT_VERSION = 5.0;
				TARGETED_DEVICE_FAMILY = "1,2";
			};
			name = Release;
		};
/* End XCBuildConfiguration section */

/* Begin XCConfigurationList section */
		001C26232525E17F0003D3D1 /* Build configuration list for PBXProject "movieAppWittProgUI" */ = {
			isa = XCConfigurationList;
			buildConfigurations = (
				001C263A2525E1800003D3D1 /* Debug */,
				001C263B2525E1800003D3D1 /* Release */,
			);
			defaultConfigurationIsVisible = 0;
			defaultConfigurationName = Release;
		};
		001C263C2525E1800003D3D1 /* Build configuration list for PBXNativeTarget "movieAppWittProgUI" */ = {
			isa = XCConfigurationList;
			buildConfigurations = (
				001C263D2525E1800003D3D1 /* Debug */,
				001C263E2525E1800003D3D1 /* Release */,
			);
			defaultConfigurationIsVisible = 0;
			defaultConfigurationName = Release;
		};
/* End XCConfigurationList section */
	};
	rootObject = 001C26202525E17F0003D3D1 /* Project object */;
}
